// !$*UTF8*$!
{
	archiveVersion = 1;
	classes = {
	};
	objectVersion = 46;
	objects = {

/* Begin PBXBuildFile section */
		2F54447E1E037DAB0083773A /* h5.m in Sources */ = {isa = PBXBuildFile; fileRef = 2F54447D1E037DAB0083773A /* h5.m */; };
		2F6E35231DF104160027FE0A /* main.m in Sources */ = {isa = PBXBuildFile; fileRef = 2F6E35221DF104160027FE0A /* main.m */; };
		2F6E35261DF104160027FE0A /* AppDelegate.m in Sources */ = {isa = PBXBuildFile; fileRef = 2F6E35251DF104160027FE0A /* AppDelegate.m */; };
		2F6E352C1DF104160027FE0A /* Main.storyboard in Resources */ = {isa = PBXBuildFile; fileRef = 2F6E352A1DF104160027FE0A /* Main.storyboard */; };
		2F6E352F1DF104160027FE0A /* uiwv.xcdatamodeld in Sources */ = {isa = PBXBuildFile; fileRef = 2F6E352D1DF104160027FE0A /* uiwv.xcdatamodeld */; };
		2F6E35311DF104160027FE0A /* Assets.xcassets in Resources */ = {isa = PBXBuildFile; fileRef = 2F6E35301DF104160027FE0A /* Assets.xcassets */; };
		2F6E35341DF104160027FE0A /* LaunchScreen.storyboard in Resources */ = {isa = PBXBuildFile; fileRef = 2F6E35321DF104160027FE0A /* LaunchScreen.storyboard */; };
		2F6E353F1DF104160027FE0A /* uiwvTests.m in Sources */ = {isa = PBXBuildFile; fileRef = 2F6E353E1DF104160027FE0A /* uiwvTests.m */; };
		2F6E354A1DF104160027FE0A /* uiwvUITests.m in Sources */ = {isa = PBXBuildFile; fileRef = 2F6E35491DF104160027FE0A /* uiwvUITests.m */; };
		2F6E525F1E06DC9500D63357 /* detailVC.m in Sources */ = {isa = PBXBuildFile; fileRef = 2F6E525E1E06DC9500D63357 /* detailVC.m */; };
		2F94A1371E02774C00E59E5C /* demo.m in Sources */ = {isa = PBXBuildFile; fileRef = 2F94A1361E02774C00E59E5C /* demo.m */; };
		2FFAF0B21E2861FA00958617 /* H5Update.m in Sources */ = {isa = PBXBuildFile; fileRef = 2FFAF0B11E2861FA00958617 /* H5Update.m */; };
		2FFAF0C01E28621200958617 /* ioapi.c in Sources */ = {isa = PBXBuildFile; fileRef = 2FFAF0B61E28621200958617 /* ioapi.c */; };
		2FFAF0C11E28621200958617 /* mztools.c in Sources */ = {isa = PBXBuildFile; fileRef = 2FFAF0B81E28621200958617 /* mztools.c */; };
		2FFAF0C21E28621200958617 /* unzip.c in Sources */ = {isa = PBXBuildFile; fileRef = 2FFAF0BA1E28621200958617 /* unzip.c */; };
		2FFAF0C31E28621200958617 /* zip.c in Sources */ = {isa = PBXBuildFile; fileRef = 2FFAF0BC1E28621200958617 /* zip.c */; };
		2FFAF0C41E28621200958617 /* ZipArchive.mm in Sources */ = {isa = PBXBuildFile; fileRef = 2FFAF0BF1E28621200958617 /* ZipArchive.mm */; };
		2FFAF0D31E28621B00958617 /* AFHTTPSessionManager.m in Sources */ = {isa = PBXBuildFile; fileRef = 2FFAF0C71E28621B00958617 /* AFHTTPSessionManager.m */; };
		2FFAF0D41E28621B00958617 /* AFNetworkReachabilityManager.m in Sources */ = {isa = PBXBuildFile; fileRef = 2FFAF0CA1E28621B00958617 /* AFNetworkReachabilityManager.m */; };
		2FFAF0D51E28621B00958617 /* AFSecurityPolicy.m in Sources */ = {isa = PBXBuildFile; fileRef = 2FFAF0CC1E28621B00958617 /* AFSecurityPolicy.m */; };
		2FFAF0D61E28621B00958617 /* AFURLRequestSerialization.m in Sources */ = {isa = PBXBuildFile; fileRef = 2FFAF0CE1E28621B00958617 /* AFURLRequestSerialization.m */; };
		2FFAF0D71E28621B00958617 /* AFURLResponseSerialization.m in Sources */ = {isa = PBXBuildFile; fileRef = 2FFAF0D01E28621B00958617 /* AFURLResponseSerialization.m */; };
		2FFAF0D81E28621B00958617 /* AFURLSessionManager.m in Sources */ = {isa = PBXBuildFile; fileRef = 2FFAF0D21E28621B00958617 /* AFURLSessionManager.m */; };
		2FFAF0DB1E28626C00958617 /* MobileCoreServices.framework in Frameworks */ = {isa = PBXBuildFile; fileRef = 2FFAF0DA1E28626C00958617 /* MobileCoreServices.framework */; };
		2FFAF0DD1E28627E00958617 /* SystemConfiguration.framework in Frameworks */ = {isa = PBXBuildFile; fileRef = 2FFAF0DC1E28627E00958617 /* SystemConfiguration.framework */; };
		2FFAF0DF1E28628F00958617 /* Security.framework in Frameworks */ = {isa = PBXBuildFile; fileRef = 2FFAF0DE1E28628F00958617 /* Security.framework */; };
		2FFAF0E11E28629900958617 /* CFNetwork.framework in Frameworks */ = {isa = PBXBuildFile; fileRef = 2FFAF0E01E28629900958617 /* CFNetwork.framework */; };
		2FFAF0E31E2862B600958617 /* libz.1.dylib in Frameworks */ = {isa = PBXBuildFile; fileRef = 2FFAF0E21E2862B600958617 /* libz.1.dylib */; };
/* End PBXBuildFile section */

/* Begin PBXContainerItemProxy section */
		2F6E353B1DF104160027FE0A /* PBXContainerItemProxy */ = {
			isa = PBXContainerItemProxy;
			containerPortal = 2F6E35161DF104150027FE0A /* Project object */;
			proxyType = 1;
			remoteGlobalIDString = 2F6E351D1DF104150027FE0A;
			remoteInfo = uiwv;
		};
		2F6E35461DF104160027FE0A /* PBXContainerItemProxy */ = {
			isa = PBXContainerItemProxy;
			containerPortal = 2F6E35161DF104150027FE0A /* Project object */;
			proxyType = 1;
			remoteGlobalIDString = 2F6E351D1DF104150027FE0A;
			remoteInfo = uiwv;
		};
/* End PBXContainerItemProxy section */

/* Begin PBXFileReference section */
		2F54447C1E037DAB0083773A /* h5.h */ = {isa = PBXFileReference; fileEncoding = 4; lastKnownFileType = sourcecode.c.h; path = h5.h; sourceTree = "<group>"; };
		2F54447D1E037DAB0083773A /* h5.m */ = {isa = PBXFileReference; fileEncoding = 4; lastKnownFileType = sourcecode.c.objc; path = h5.m; sourceTree = "<group>"; };
		2F6E351E1DF104160027FE0A /* uiwv.app */ = {isa = PBXFileReference; explicitFileType = wrapper.application; includeInIndex = 0; path = uiwv.app; sourceTree = BUILT_PRODUCTS_DIR; };
		2F6E35221DF104160027FE0A /* main.m */ = {isa = PBXFileReference; lastKnownFileType = sourcecode.c.objc; path = main.m; sourceTree = "<group>"; };
		2F6E35241DF104160027FE0A /* AppDelegate.h */ = {isa = PBXFileReference; lastKnownFileType = sourcecode.c.h; path = AppDelegate.h; sourceTree = "<group>"; };
		2F6E35251DF104160027FE0A /* AppDelegate.m */ = {isa = PBXFileReference; lastKnownFileType = sourcecode.c.objc; path = AppDelegate.m; sourceTree = "<group>"; };
		2F6E352B1DF104160027FE0A /* Base */ = {isa = PBXFileReference; lastKnownFileType = file.storyboard; name = Base; path = Base.lproj/Main.storyboard; sourceTree = "<group>"; };
		2F6E352E1DF104160027FE0A /* uiwv.xcdatamodel */ = {isa = PBXFileReference; lastKnownFileType = wrapper.xcdatamodel; path = uiwv.xcdatamodel; sourceTree = "<group>"; };
		2F6E35301DF104160027FE0A /* Assets.xcassets */ = {isa = PBXFileReference; lastKnownFileType = folder.assetcatalog; path = Assets.xcassets; sourceTree = "<group>"; };
		2F6E35331DF104160027FE0A /* Base */ = {isa = PBXFileReference; lastKnownFileType = file.storyboard; name = Base; path = Base.lproj/LaunchScreen.storyboard; sourceTree = "<group>"; };
		2F6E35351DF104160027FE0A /* Info.plist */ = {isa = PBXFileReference; lastKnownFileType = text.plist.xml; path = Info.plist; sourceTree = "<group>"; };
		2F6E353A1DF104160027FE0A /* uiwvTests.xctest */ = {isa = PBXFileReference; explicitFileType = wrapper.cfbundle; includeInIndex = 0; path = uiwvTests.xctest; sourceTree = BUILT_PRODUCTS_DIR; };
		2F6E353E1DF104160027FE0A /* uiwvTests.m */ = {isa = PBXFileReference; lastKnownFileType = sourcecode.c.objc; path = uiwvTests.m; sourceTree = "<group>"; };
		2F6E35401DF104160027FE0A /* Info.plist */ = {isa = PBXFileReference; lastKnownFileType = text.plist.xml; path = Info.plist; sourceTree = "<group>"; };
		2F6E35451DF104160027FE0A /* uiwvUITests.xctest */ = {isa = PBXFileReference; explicitFileType = wrapper.cfbundle; includeInIndex = 0; path = uiwvUITests.xctest; sourceTree = BUILT_PRODUCTS_DIR; };
		2F6E35491DF104160027FE0A /* uiwvUITests.m */ = {isa = PBXFileReference; lastKnownFileType = sourcecode.c.objc; path = uiwvUITests.m; sourceTree = "<group>"; };
		2F6E354B1DF104160027FE0A /* Info.plist */ = {isa = PBXFileReference; lastKnownFileType = text.plist.xml; path = Info.plist; sourceTree = "<group>"; };
		2F6E525D1E06DC9500D63357 /* detailVC.h */ = {isa = PBXFileReference; fileEncoding = 4; lastKnownFileType = sourcecode.c.h; path = detailVC.h; sourceTree = "<group>"; };
		2F6E525E1E06DC9500D63357 /* detailVC.m */ = {isa = PBXFileReference; fileEncoding = 4; lastKnownFileType = sourcecode.c.objc; path = detailVC.m; sourceTree = "<group>"; };
		2F94A1351E02774C00E59E5C /* demo.h */ = {isa = PBXFileReference; fileEncoding = 4; lastKnownFileType = sourcecode.c.h; path = demo.h; sourceTree = "<group>"; };
		2F94A1361E02774C00E59E5C /* demo.m */ = {isa = PBXFileReference; fileEncoding = 4; lastKnownFileType = sourcecode.c.objc; path = demo.m; sourceTree = "<group>"; };
		2FFAF0B01E2861FA00958617 /* H5Update.h */ = {isa = PBXFileReference; fileEncoding = 4; lastKnownFileType = sourcecode.c.h; path = H5Update.h; sourceTree = "<group>"; };
		2FFAF0B11E2861FA00958617 /* H5Update.m */ = {isa = PBXFileReference; fileEncoding = 4; lastKnownFileType = sourcecode.c.objc; path = H5Update.m; sourceTree = "<group>"; };
		2FFAF0B51E28621200958617 /* crypt.h */ = {isa = PBXFileReference; fileEncoding = 4; lastKnownFileType = sourcecode.c.h; path = crypt.h; sourceTree = "<group>"; };
		2FFAF0B61E28621200958617 /* ioapi.c */ = {isa = PBXFileReference; fileEncoding = 4; lastKnownFileType = sourcecode.c.c; path = ioapi.c; sourceTree = "<group>"; };
		2FFAF0B71E28621200958617 /* ioapi.h */ = {isa = PBXFileReference; fileEncoding = 4; lastKnownFileType = sourcecode.c.h; path = ioapi.h; sourceTree = "<group>"; };
		2FFAF0B81E28621200958617 /* mztools.c */ = {isa = PBXFileReference; fileEncoding = 4; lastKnownFileType = sourcecode.c.c; path = mztools.c; sourceTree = "<group>"; };
		2FFAF0B91E28621200958617 /* mztools.h */ = {isa = PBXFileReference; fileEncoding = 4; lastKnownFileType = sourcecode.c.h; path = mztools.h; sourceTree = "<group>"; };
		2FFAF0BA1E28621200958617 /* unzip.c */ = {isa = PBXFileReference; fileEncoding = 4; lastKnownFileType = sourcecode.c.c; path = unzip.c; sourceTree = "<group>"; };
		2FFAF0BB1E28621200958617 /* unzip.h */ = {isa = PBXFileReference; fileEncoding = 4; lastKnownFileType = sourcecode.c.h; path = unzip.h; sourceTree = "<group>"; };
		2FFAF0BC1E28621200958617 /* zip.c */ = {isa = PBXFileReference; fileEncoding = 4; lastKnownFileType = sourcecode.c.c; path = zip.c; sourceTree = "<group>"; };
		2FFAF0BD1E28621200958617 /* zip.h */ = {isa = PBXFileReference; fileEncoding = 4; lastKnownFileType = sourcecode.c.h; path = zip.h; sourceTree = "<group>"; };
		2FFAF0BE1E28621200958617 /* ZipArchive.h */ = {isa = PBXFileReference; fileEncoding = 4; lastKnownFileType = sourcecode.c.h; path = ZipArchive.h; sourceTree = "<group>"; };
		2FFAF0BF1E28621200958617 /* ZipArchive.mm */ = {isa = PBXFileReference; fileEncoding = 4; lastKnownFileType = sourcecode.cpp.objcpp; path = ZipArchive.mm; sourceTree = "<group>"; };
		2FFAF0C61E28621B00958617 /* AFHTTPSessionManager.h */ = {isa = PBXFileReference; fileEncoding = 4; lastKnownFileType = sourcecode.c.h; path = AFHTTPSessionManager.h; sourceTree = "<group>"; };
		2FFAF0C71E28621B00958617 /* AFHTTPSessionManager.m */ = {isa = PBXFileReference; fileEncoding = 4; lastKnownFileType = sourcecode.c.objc; path = AFHTTPSessionManager.m; sourceTree = "<group>"; };
		2FFAF0C81E28621B00958617 /* AFNetworking.h */ = {isa = PBXFileReference; fileEncoding = 4; lastKnownFileType = sourcecode.c.h; path = AFNetworking.h; sourceTree = "<group>"; };
		2FFAF0C91E28621B00958617 /* AFNetworkReachabilityManager.h */ = {isa = PBXFileReference; fileEncoding = 4; lastKnownFileType = sourcecode.c.h; path = AFNetworkReachabilityManager.h; sourceTree = "<group>"; };
		2FFAF0CA1E28621B00958617 /* AFNetworkReachabilityManager.m */ = {isa = PBXFileReference; fileEncoding = 4; lastKnownFileType = sourcecode.c.objc; path = AFNetworkReachabilityManager.m; sourceTree = "<group>"; };
		2FFAF0CB1E28621B00958617 /* AFSecurityPolicy.h */ = {isa = PBXFileReference; fileEncoding = 4; lastKnownFileType = sourcecode.c.h; path = AFSecurityPolicy.h; sourceTree = "<group>"; };
		2FFAF0CC1E28621B00958617 /* AFSecurityPolicy.m */ = {isa = PBXFileReference; fileEncoding = 4; lastKnownFileType = sourcecode.c.objc; path = AFSecurityPolicy.m; sourceTree = "<group>"; };
		2FFAF0CD1E28621B00958617 /* AFURLRequestSerialization.h */ = {isa = PBXFileReference; fileEncoding = 4; lastKnownFileType = sourcecode.c.h; path = AFURLRequestSerialization.h; sourceTree = "<group>"; };
		2FFAF0CE1E28621B00958617 /* AFURLRequestSerialization.m */ = {isa = PBXFileReference; fileEncoding = 4; lastKnownFileType = sourcecode.c.objc; path = AFURLRequestSerialization.m; sourceTree = "<group>"; };
		2FFAF0CF1E28621B00958617 /* AFURLResponseSerialization.h */ = {isa = PBXFileReference; fileEncoding = 4; lastKnownFileType = sourcecode.c.h; path = AFURLResponseSerialization.h; sourceTree = "<group>"; };
		2FFAF0D01E28621B00958617 /* AFURLResponseSerialization.m */ = {isa = PBXFileReference; fileEncoding = 4; lastKnownFileType = sourcecode.c.objc; path = AFURLResponseSerialization.m; sourceTree = "<group>"; };
		2FFAF0D11E28621B00958617 /* AFURLSessionManager.h */ = {isa = PBXFileReference; fileEncoding = 4; lastKnownFileType = sourcecode.c.h; path = AFURLSessionManager.h; sourceTree = "<group>"; };
		2FFAF0D21E28621B00958617 /* AFURLSessionManager.m */ = {isa = PBXFileReference; fileEncoding = 4; lastKnownFileType = sourcecode.c.objc; path = AFURLSessionManager.m; sourceTree = "<group>"; };
		2FFAF0DA1E28626C00958617 /* MobileCoreServices.framework */ = {isa = PBXFileReference; lastKnownFileType = wrapper.framework; name = MobileCoreServices.framework; path = System/Library/Frameworks/MobileCoreServices.framework; sourceTree = SDKROOT; };
		2FFAF0DC1E28627E00958617 /* SystemConfiguration.framework */ = {isa = PBXFileReference; lastKnownFileType = wrapper.framework; name = SystemConfiguration.framework; path = System/Library/Frameworks/SystemConfiguration.framework; sourceTree = SDKROOT; };
		2FFAF0DE1E28628F00958617 /* Security.framework */ = {isa = PBXFileReference; lastKnownFileType = wrapper.framework; name = Security.framework; path = System/Library/Frameworks/Security.framework; sourceTree = SDKROOT; };
		2FFAF0E01E28629900958617 /* CFNetwork.framework */ = {isa = PBXFileReference; lastKnownFileType = wrapper.framework; name = CFNetwork.framework; path = System/Library/Frameworks/CFNetwork.framework; sourceTree = SDKROOT; };
		2FFAF0E21E2862B600958617 /* libz.1.dylib */ = {isa = PBXFileReference; lastKnownFileType = "compiled.mach-o.dylib"; name = libz.1.dylib; path = ../../../usr/lib/libz.1.dylib; sourceTree = "<group>"; };
/* End PBXFileReference section */

/* Begin PBXFrameworksBuildPhase section */
		2F6E351B1DF104150027FE0A /* Frameworks */ = {
			isa = PBXFrameworksBuildPhase;
			buildActionMask = 2147483647;
			files = (
				2FFAF0E31E2862B600958617 /* libz.1.dylib in Frameworks */,
				2FFAF0E11E28629900958617 /* CFNetwork.framework in Frameworks */,
				2FFAF0DF1E28628F00958617 /* Security.framework in Frameworks */,
				2FFAF0DD1E28627E00958617 /* SystemConfiguration.framework in Frameworks */,
				2FFAF0DB1E28626C00958617 /* MobileCoreServices.framework in Frameworks */,
			);
			runOnlyForDeploymentPostprocessing = 0;
		};
		2F6E35371DF104160027FE0A /* Frameworks */ = {
			isa = PBXFrameworksBuildPhase;
			buildActionMask = 2147483647;
			files = (
			);
			runOnlyForDeploymentPostprocessing = 0;
		};
		2F6E35421DF104160027FE0A /* Frameworks */ = {
			isa = PBXFrameworksBuildPhase;
			buildActionMask = 2147483647;
			files = (
			);
			runOnlyForDeploymentPostprocessing = 0;
		};
/* End PBXFrameworksBuildPhase section */

/* Begin PBXGroup section */
		2F6E35151DF104150027FE0A = {
			isa = PBXGroup;
			children = (
				2F6E35201DF104160027FE0A /* uiwv */,
				2F6E353D1DF104160027FE0A /* uiwvTests */,
				2F6E35481DF104160027FE0A /* uiwvUITests */,
				2F6E351F1DF104160027FE0A /* Products */,
				2FFAF0D91E28626C00958617 /* Frameworks */,
			);
			sourceTree = "<group>";
		};
		2F6E351F1DF104160027FE0A /* Products */ = {
			isa = PBXGroup;
			children = (
				2F6E351E1DF104160027FE0A /* uiwv.app */,
				2F6E353A1DF104160027FE0A /* uiwvTests.xctest */,
				2F6E35451DF104160027FE0A /* uiwvUITests.xctest */,
			);
			name = Products;
			sourceTree = "<group>";
		};
		2F6E35201DF104160027FE0A /* uiwv */ = {
			isa = PBXGroup;
			children = (
				2F6E35241DF104160027FE0A /* AppDelegate.h */,
				2F6E35251DF104160027FE0A /* AppDelegate.m */,
				2FFAF0C51E28621B00958617 /* AFNetworking */,
				2FFAF0B31E28621200958617 /* ZipArchive */,
				2F6E352A1DF104160027FE0A /* Main.storyboard */,
				2F6E35301DF104160027FE0A /* Assets.xcassets */,
				2F6E35321DF104160027FE0A /* LaunchScreen.storyboard */,
				2F6E35351DF104160027FE0A /* Info.plist */,
				2F6E352D1DF104160027FE0A /* uiwv.xcdatamodeld */,
				2FFAF0B01E2861FA00958617 /* H5Update.h */,
				2FFAF0B11E2861FA00958617 /* H5Update.m */,
				2F6E35211DF104160027FE0A /* Supporting Files */,
				2F94A1351E02774C00E59E5C /* demo.h */,
				2F94A1361E02774C00E59E5C /* demo.m */,
				2F6E525D1E06DC9500D63357 /* detailVC.h */,
				2F6E525E1E06DC9500D63357 /* detailVC.m */,
				2F54447C1E037DAB0083773A /* h5.h */,
				2F54447D1E037DAB0083773A /* h5.m */,
			);
			path = uiwv;
			sourceTree = "<group>";
		};
		2F6E35211DF104160027FE0A /* Supporting Files */ = {
			isa = PBXGroup;
			children = (
				2F6E35221DF104160027FE0A /* main.m */,
			);
			name = "Supporting Files";
			sourceTree = "<group>";
		};
		2F6E353D1DF104160027FE0A /* uiwvTests */ = {
			isa = PBXGroup;
			children = (
				2F6E353E1DF104160027FE0A /* uiwvTests.m */,
				2F6E35401DF104160027FE0A /* Info.plist */,
			);
			path = uiwvTests;
			sourceTree = "<group>";
		};
		2F6E35481DF104160027FE0A /* uiwvUITests */ = {
			isa = PBXGroup;
			children = (
				2F6E35491DF104160027FE0A /* uiwvUITests.m */,
				2F6E354B1DF104160027FE0A /* Info.plist */,
			);
			path = uiwvUITests;
			sourceTree = "<group>";
		};
		2FFAF0B31E28621200958617 /* ZipArchive */ = {
			isa = PBXGroup;
			children = (
				2FFAF0B41E28621200958617 /* minizip */,
				2FFAF0BE1E28621200958617 /* ZipArchive.h */,
				2FFAF0BF1E28621200958617 /* ZipArchive.mm */,
			);
			path = ZipArchive;
			sourceTree = "<group>";
		};
		2FFAF0B41E28621200958617 /* minizip */ = {
			isa = PBXGroup;
			children = (
				2FFAF0B51E28621200958617 /* crypt.h */,
				2FFAF0B61E28621200958617 /* ioapi.c */,
				2FFAF0B71E28621200958617 /* ioapi.h */,
				2FFAF0B81E28621200958617 /* mztools.c */,
				2FFAF0B91E28621200958617 /* mztools.h */,
				2FFAF0BA1E28621200958617 /* unzip.c */,
				2FFAF0BB1E28621200958617 /* unzip.h */,
				2FFAF0BC1E28621200958617 /* zip.c */,
				2FFAF0BD1E28621200958617 /* zip.h */,
			);
			path = minizip;
			sourceTree = "<group>";
		};
		2FFAF0C51E28621B00958617 /* AFNetworking */ = {
			isa = PBXGroup;
			children = (
				2FFAF0C61E28621B00958617 /* AFHTTPSessionManager.h */,
				2FFAF0C71E28621B00958617 /* AFHTTPSessionManager.m */,
				2FFAF0C81E28621B00958617 /* AFNetworking.h */,
				2FFAF0C91E28621B00958617 /* AFNetworkReachabilityManager.h */,
				2FFAF0CA1E28621B00958617 /* AFNetworkReachabilityManager.m */,
				2FFAF0CB1E28621B00958617 /* AFSecurityPolicy.h */,
				2FFAF0CC1E28621B00958617 /* AFSecurityPolicy.m */,
				2FFAF0CD1E28621B00958617 /* AFURLRequestSerialization.h */,
				2FFAF0CE1E28621B00958617 /* AFURLRequestSerialization.m */,
				2FFAF0CF1E28621B00958617 /* AFURLResponseSerialization.h */,
				2FFAF0D01E28621B00958617 /* AFURLResponseSerialization.m */,
				2FFAF0D11E28621B00958617 /* AFURLSessionManager.h */,
				2FFAF0D21E28621B00958617 /* AFURLSessionManager.m */,
			);
			path = AFNetworking;
			sourceTree = "<group>";
		};
		2FFAF0D91E28626C00958617 /* Frameworks */ = {
			isa = PBXGroup;
			children = (
				2FFAF0E21E2862B600958617 /* libz.1.dylib */,
				2FFAF0E01E28629900958617 /* CFNetwork.framework */,
				2FFAF0DE1E28628F00958617 /* Security.framework */,
				2FFAF0DC1E28627E00958617 /* SystemConfiguration.framework */,
				2FFAF0DA1E28626C00958617 /* MobileCoreServices.framework */,
			);
			name = Frameworks;
			sourceTree = "<group>";
		};
/* End PBXGroup section */

/* Begin PBXNativeTarget section */
		2F6E351D1DF104150027FE0A /* uiwv */ = {
			isa = PBXNativeTarget;
			buildConfigurationList = 2F6E354E1DF104160027FE0A /* Build configuration list for PBXNativeTarget "uiwv" */;
			buildPhases = (
				2F6E351A1DF104150027FE0A /* Sources */,
				2F6E351B1DF104150027FE0A /* Frameworks */,
				2F6E351C1DF104150027FE0A /* Resources */,
			);
			buildRules = (
			);
			dependencies = (
			);
			name = uiwv;
			productName = uiwv;
			productReference = 2F6E351E1DF104160027FE0A /* uiwv.app */;
			productType = "com.apple.product-type.application";
		};
		2F6E35391DF104160027FE0A /* uiwvTests */ = {
			isa = PBXNativeTarget;
			buildConfigurationList = 2F6E35511DF104160027FE0A /* Build configuration list for PBXNativeTarget "uiwvTests" */;
			buildPhases = (
				2F6E35361DF104160027FE0A /* Sources */,
				2F6E35371DF104160027FE0A /* Frameworks */,
				2F6E35381DF104160027FE0A /* Resources */,
			);
			buildRules = (
			);
			dependencies = (
				2F6E353C1DF104160027FE0A /* PBXTargetDependency */,
			);
			name = uiwvTests;
			productName = uiwvTests;
			productReference = 2F6E353A1DF104160027FE0A /* uiwvTests.xctest */;
			productType = "com.apple.product-type.bundle.unit-test";
		};
		2F6E35441DF104160027FE0A /* uiwvUITests */ = {
			isa = PBXNativeTarget;
			buildConfigurationList = 2F6E35541DF104160027FE0A /* Build configuration list for PBXNativeTarget "uiwvUITests" */;
			buildPhases = (
				2F6E35411DF104160027FE0A /* Sources */,
				2F6E35421DF104160027FE0A /* Frameworks */,
				2F6E35431DF104160027FE0A /* Resources */,
			);
			buildRules = (
			);
			dependencies = (
				2F6E35471DF104160027FE0A /* PBXTargetDependency */,
			);
			name = uiwvUITests;
			productName = uiwvUITests;
			productReference = 2F6E35451DF104160027FE0A /* uiwvUITests.xctest */;
			productType = "com.apple.product-type.bundle.ui-testing";
		};
/* End PBXNativeTarget section */

/* Begin PBXProject section */
		2F6E35161DF104150027FE0A /* Project object */ = {
			isa = PBXProject;
			attributes = {
				LastUpgradeCheck = 0810;
				ORGANIZATIONNAME = "高志强";
				TargetAttributes = {
					2F6E351D1DF104150027FE0A = {
						CreatedOnToolsVersion = 8.1;
						DevelopmentTeam = ACLXBB93CG;
						ProvisioningStyle = Automatic;
					};
					2F6E35391DF104160027FE0A = {
						CreatedOnToolsVersion = 8.1;
						DevelopmentTeam = ACLXBB93CG;
						ProvisioningStyle = Automatic;
						TestTargetID = 2F6E351D1DF104150027FE0A;
					};
					2F6E35441DF104160027FE0A = {
						CreatedOnToolsVersion = 8.1;
						DevelopmentTeam = ACLXBB93CG;
						ProvisioningStyle = Automatic;
						TestTargetID = 2F6E351D1DF104150027FE0A;
					};
				};
			};
			buildConfigurationList = 2F6E35191DF104150027FE0A /* Build configuration list for PBXProject "uiwv" */;
			compatibilityVersion = "Xcode 3.2";
			developmentRegion = English;
			hasScannedForEncodings = 0;
			knownRegions = (
				en,
				Base,
			);
			mainGroup = 2F6E35151DF104150027FE0A;
			productRefGroup = 2F6E351F1DF104160027FE0A /* Products */;
			projectDirPath = "";
			projectRoot = "";
			targets = (
				2F6E351D1DF104150027FE0A /* uiwv */,
				2F6E35391DF104160027FE0A /* uiwvTests */,
				2F6E35441DF104160027FE0A /* uiwvUITests */,
			);
		};
/* End PBXProject section */

/* Begin PBXResourcesBuildPhase section */
		2F6E351C1DF104150027FE0A /* Resources */ = {
			isa = PBXResourcesBuildPhase;
			buildActionMask = 2147483647;
			files = (
				2F6E35341DF104160027FE0A /* LaunchScreen.storyboard in Resources */,
				2F6E35311DF104160027FE0A /* Assets.xcassets in Resources */,
				2F6E352C1DF104160027FE0A /* Main.storyboard in Resources */,
			);
			runOnlyForDeploymentPostprocessing = 0;
		};
		2F6E35381DF104160027FE0A /* Resources */ = {
			isa = PBXResourcesBuildPhase;
			buildActionMask = 2147483647;
			files = (
			);
			runOnlyForDeploymentPostprocessing = 0;
		};
		2F6E35431DF104160027FE0A /* Resources */ = {
			isa = PBXResourcesBuildPhase;
			buildActionMask = 2147483647;
			files = (
			);
			runOnlyForDeploymentPostprocessing = 0;
		};
/* End PBXResourcesBuildPhase section */

/* Begin PBXSourcesBuildPhase section */
		2F6E351A1DF104150027FE0A /* Sources */ = {
			isa = PBXSourcesBuildPhase;
			buildActionMask = 2147483647;
			files = (
				2FFAF0C31E28621200958617 /* zip.c in Sources */,
				2FFAF0D51E28621B00958617 /* AFSecurityPolicy.m in Sources */,
				2F6E352F1DF104160027FE0A /* uiwv.xcdatamodeld in Sources */,
				2F54447E1E037DAB0083773A /* h5.m in Sources */,
				2FFAF0C11E28621200958617 /* mztools.c in Sources */,
				2FFAF0C01E28621200958617 /* ioapi.c in Sources */,
				2F6E35261DF104160027FE0A /* AppDelegate.m in Sources */,
				2FFAF0D61E28621B00958617 /* AFURLRequestSerialization.m in Sources */,
				2F94A1371E02774C00E59E5C /* demo.m in Sources */,
				2FFAF0D81E28621B00958617 /* AFURLSessionManager.m in Sources */,
				2FFAF0C21E28621200958617 /* unzip.c in Sources */,
				2F6E35231DF104160027FE0A /* main.m in Sources */,
				2F6E525F1E06DC9500D63357 /* detailVC.m in Sources */,
				2FFAF0D71E28621B00958617 /* AFURLResponseSerialization.m in Sources */,
				2FFAF0D41E28621B00958617 /* AFNetworkReachabilityManager.m in Sources */,
				2FFAF0C41E28621200958617 /* ZipArchive.mm in Sources */,
				2FFAF0B21E2861FA00958617 /* H5Update.m in Sources */,
				2FFAF0D31E28621B00958617 /* AFHTTPSessionManager.m in Sources */,
			);
			runOnlyForDeploymentPostprocessing = 0;
		};
		2F6E35361DF104160027FE0A /* Sources */ = {
			isa = PBXSourcesBuildPhase;
			buildActionMask = 2147483647;
			files = (
				2F6E353F1DF104160027FE0A /* uiwvTests.m in Sources */,
			);
			runOnlyForDeploymentPostprocessing = 0;
		};
		2F6E35411DF104160027FE0A /* Sources */ = {
			isa = PBXSourcesBuildPhase;
			buildActionMask = 2147483647;
			files = (
				2F6E354A1DF104160027FE0A /* uiwvUITests.m in Sources */,
			);
			runOnlyForDeploymentPostprocessing = 0;
		};
/* End PBXSourcesBuildPhase section */

/* Begin PBXTargetDependency section */
		2F6E353C1DF104160027FE0A /* PBXTargetDependency */ = {
			isa = PBXTargetDependency;
			target = 2F6E351D1DF104150027FE0A /* uiwv */;
			targetProxy = 2F6E353B1DF104160027FE0A /* PBXContainerItemProxy */;
		};
		2F6E35471DF104160027FE0A /* PBXTargetDependency */ = {
			isa = PBXTargetDependency;
			target = 2F6E351D1DF104150027FE0A /* uiwv */;
			targetProxy = 2F6E35461DF104160027FE0A /* PBXContainerItemProxy */;
		};
/* End PBXTargetDependency section */

/* Begin PBXVariantGroup section */
		2F6E352A1DF104160027FE0A /* Main.storyboard */ = {
			isa = PBXVariantGroup;
			children = (
				2F6E352B1DF104160027FE0A /* Base */,
			);
			name = Main.storyboard;
			sourceTree = "<group>";
		};
		2F6E35321DF104160027FE0A /* LaunchScreen.storyboard */ = {
			isa = PBXVariantGroup;
			children = (
				2F6E35331DF104160027FE0A /* Base */,
			);
			name = LaunchScreen.storyboard;
			sourceTree = "<group>";
		};
/* End PBXVariantGroup section */

/* Begin XCBuildConfiguration section */
		2F6E354C1DF104160027FE0A /* Debug */ = {
			isa = XCBuildConfiguration;
			buildSettings = {
				ALWAYS_SEARCH_USER_PATHS = NO;
				CLANG_ANALYZER_NONNULL = YES;
				CLANG_CXX_LANGUAGE_STANDARD = "gnu++0x";
				CLANG_CXX_LIBRARY = "libc++";
				CLANG_ENABLE_MODULES = YES;
				CLANG_ENABLE_OBJC_ARC = YES;
				CLANG_WARN_BOOL_CONVERSION = YES;
				CLANG_WARN_CONSTANT_CONVERSION = YES;
				CLANG_WARN_DIRECT_OBJC_ISA_USAGE = YES_ERROR;
				CLANG_WARN_DOCUMENTATION_COMMENTS = YES;
				CLANG_WARN_EMPTY_BODY = YES;
				CLANG_WARN_ENUM_CONVERSION = YES;
				CLANG_WARN_INFINITE_RECURSION = YES;
				CLANG_WARN_INT_CONVERSION = YES;
				CLANG_WARN_OBJC_ROOT_CLASS = YES_ERROR;
				CLANG_WARN_SUSPICIOUS_MOVES = YES;
				CLANG_WARN_UNREACHABLE_CODE = YES;
				CLANG_WARN__DUPLICATE_METHOD_MATCH = YES;
				"CODE_SIGN_IDENTITY[sdk=iphoneos*]" = "iPhone Developer";
				COPY_PHASE_STRIP = NO;
				DEBUG_INFORMATION_FORMAT = dwarf;
				ENABLE_STRICT_OBJC_MSGSEND = YES;
				ENABLE_TESTABILITY = YES;
				GCC_C_LANGUAGE_STANDARD = gnu99;
				GCC_DYNAMIC_NO_PIC = NO;
				GCC_NO_COMMON_BLOCKS = YES;
				GCC_OPTIMIZATION_LEVEL = 0;
				GCC_PREPROCESSOR_DEFINITIONS = (
					"DEBUG=1",
					"$(inherited)",
				);
				GCC_WARN_64_TO_32_BIT_CONVERSION = YES;
				GCC_WARN_ABOUT_RETURN_TYPE = YES_ERROR;
				GCC_WARN_UNDECLARED_SELECTOR = YES;
				GCC_WARN_UNINITIALIZED_AUTOS = YES_AGGRESSIVE;
				GCC_WARN_UNUSED_FUNCTION = YES;
				GCC_WARN_UNUSED_VARIABLE = YES;
				IPHONEOS_DEPLOYMENT_TARGET = 10.1;
				MTL_ENABLE_DEBUG_INFO = YES;
				ONLY_ACTIVE_ARCH = YES;
				SDKROOT = iphoneos;
				TARGETED_DEVICE_FAMILY = "1,2";
			};
			name = Debug;
		};
		2F6E354D1DF104160027FE0A /* Release */ = {
			isa = XCBuildConfiguration;
			buildSettings = {
				ALWAYS_SEARCH_USER_PATHS = NO;
				CLANG_ANALYZER_NONNULL = YES;
				CLANG_CXX_LANGUAGE_STANDARD = "gnu++0x";
				CLANG_CXX_LIBRARY = "libc++";
				CLANG_ENABLE_MODULES = YES;
				CLANG_ENABLE_OBJC_ARC = YES;
				CLANG_WARN_BOOL_CONVERSION = YES;
				CLANG_WARN_CONSTANT_CONVERSION = YES;
				CLANG_WARN_DIRECT_OBJC_ISA_USAGE = YES_ERROR;
				CLANG_WARN_DOCUMENTATION_COMMENTS = YES;
				CLANG_WARN_EMPTY_BODY = YES;
				CLANG_WARN_ENUM_CONVERSION = YES;
				CLANG_WARN_INFINITE_RECURSION = YES;
				CLANG_WARN_INT_CONVERSION = YES;
				CLANG_WARN_OBJC_ROOT_CLASS = YES_ERROR;
				CLANG_WARN_SUSPICIOUS_MOVES = YES;
				CLANG_WARN_UNREACHABLE_CODE = YES;
				CLANG_WARN__DUPLICATE_METHOD_MATCH = YES;
				"CODE_SIGN_IDENTITY[sdk=iphoneos*]" = "iPhone Developer";
				COPY_PHASE_STRIP = NO;
				DEBUG_INFORMATION_FORMAT = "dwarf-with-dsym";
				ENABLE_NS_ASSERTIONS = NO;
				ENABLE_STRICT_OBJC_MSGSEND = YES;
				GCC_C_LANGUAGE_STANDARD = gnu99;
				GCC_NO_COMMON_BLOCKS = YES;
				GCC_WARN_64_TO_32_BIT_CONVERSION = YES;
				GCC_WARN_ABOUT_RETURN_TYPE = YES_ERROR;
				GCC_WARN_UNDECLARED_SELECTOR = YES;
				GCC_WARN_UNINITIALIZED_AUTOS = YES_AGGRESSIVE;
				GCC_WARN_UNUSED_FUNCTION = YES;
				GCC_WARN_UNUSED_VARIABLE = YES;
				IPHONEOS_DEPLOYMENT_TARGET = 10.1;
				MTL_ENABLE_DEBUG_INFO = NO;
				SDKROOT = iphoneos;
				TARGETED_DEVICE_FAMILY = "1,2";
				VALIDATE_PRODUCT = YES;
			};
			name = Release;
		};
		2F6E354F1DF104160027FE0A /* Debug */ = {
			isa = XCBuildConfiguration;
			buildSettings = {
				ASSETCATALOG_COMPILER_APPICON_NAME = AppIcon;
				DEVELOPMENT_TEAM = ACLXBB93CG;
				INFOPLIST_FILE = uiwv/Info.plist;
				IPHONEOS_DEPLOYMENT_TARGET = 8.0;
				LD_RUNPATH_SEARCH_PATHS = "$(inherited) @executable_path/Frameworks";
				PRODUCT_BUNDLE_IDENTIFIER = com.sand.www.uiwv;
				PRODUCT_NAME = "$(TARGET_NAME)";
			};
			name = Debug;
		};
		2F6E35501DF104160027FE0A /* Release */ = {
			isa = XCBuildConfiguration;
			buildSettings = {
				ASSETCATALOG_COMPILER_APPICON_NAME = AppIcon;
				DEVELOPMENT_TEAM = ACLXBB93CG;
				INFOPLIST_FILE = uiwv/Info.plist;
				IPHONEOS_DEPLOYMENT_TARGET = 8.0;
				LD_RUNPATH_SEARCH_PATHS = "$(inherited) @executable_path/Frameworks";
				PRODUCT_BUNDLE_IDENTIFIER = com.sand.www.uiwv;
				PRODUCT_NAME = "$(TARGET_NAME)";
			};
			name = Release;
		};
		2F6E35521DF104160027FE0A /* Debug */ = {
			isa = XCBuildConfiguration;
			buildSettings = {
				BUNDLE_LOADER = "$(TEST_HOST)";
				DEVELOPMENT_TEAM = ACLXBB93CG;
				INFOPLIST_FILE = uiwvTests/Info.plist;
				LD_RUNPATH_SEARCH_PATHS = "$(inherited) @executable_path/Frameworks @loader_path/Frameworks";
				PRODUCT_BUNDLE_IDENTIFIER = com.sand.www.uiwvTests;
				PRODUCT_NAME = "$(TARGET_NAME)";
				TEST_HOST = "$(BUILT_PRODUCTS_DIR)/uiwv.app/uiwv";
			};
			name = Debug;
		};
		2F6E35531DF104160027FE0A /* Release */ = {
			isa = XCBuildConfiguration;
			buildSettings = {
				BUNDLE_LOADER = "$(TEST_HOST)";
				DEVELOPMENT_TEAM = ACLXBB93CG;
				INFOPLIST_FILE = uiwvTests/Info.plist;
				LD_RUNPATH_SEARCH_PATHS = "$(inherited) @executable_path/Frameworks @loader_path/Frameworks";
				PRODUCT_BUNDLE_IDENTIFIER = com.sand.www.uiwvTests;
				PRODUCT_NAME = "$(TARGET_NAME)";
				TEST_HOST = "$(BUILT_PRODUCTS_DIR)/uiwv.app/uiwv";
			};
			name = Release;
		};
		2F6E35551DF104160027FE0A /* Debug */ = {
			isa = XCBuildConfiguration;
			buildSettings = {
				DEVELOPMENT_TEAM = ACLXBB93CG;
				INFOPLIST_FILE = uiwvUITests/Info.plist;
				LD_RUNPATH_SEARCH_PATHS = "$(inherited) @executable_path/Frameworks @loader_path/Frameworks";
				PRODUCT_BUNDLE_IDENTIFIER = com.sand.www.uiwvUITests;
				PRODUCT_NAME = "$(TARGET_NAME)";
				TEST_TARGET_NAME = uiwv;
			};
			name = Debug;
		};
		2F6E35561DF104160027FE0A /* Release */ = {
			isa = XCBuildConfiguration;
			buildSettings = {
				DEVELOPMENT_TEAM = ACLXBB93CG;
				INFOPLIST_FILE = uiwvUITests/Info.plist;
				LD_RUNPATH_SEARCH_PATHS = "$(inherited) @executable_path/Frameworks @loader_path/Frameworks";
				PRODUCT_BUNDLE_IDENTIFIER = com.sand.www.uiwvUITests;
				PRODUCT_NAME = "$(TARGET_NAME)";
				TEST_TARGET_NAME = uiwv;
			};
			name = Release;
		};
/* End XCBuildConfiguration section */

/* Begin XCConfigurationList section */
		2F6E35191DF104150027FE0A /* Build configuration list for PBXProject "uiwv" */ = {
			isa = XCConfigurationList;
			buildConfigurations = (
				2F6E354C1DF104160027FE0A /* Debug */,
				2F6E354D1DF104160027FE0A /* Release */,
			);
			defaultConfigurationIsVisible = 0;
			defaultConfigurationName = Release;
		};
		2F6E354E1DF104160027FE0A /* Build configuration list for PBXNativeTarget "uiwv" */ = {
			isa = XCConfigurationList;
			buildConfigurations = (
				2F6E354F1DF104160027FE0A /* Debug */,
				2F6E35501DF104160027FE0A /* Release */,
			);
			defaultConfigurationIsVisible = 0;
			defaultConfigurationName = Release;
		};
		2F6E35511DF104160027FE0A /* Build configuration list for PBXNativeTarget "uiwvTests" */ = {
			isa = XCConfigurationList;
			buildConfigurations = (
				2F6E35521DF104160027FE0A /* Debug */,
				2F6E35531DF104160027FE0A /* Release */,
			);
			defaultConfigurationIsVisible = 0;
			defaultConfigurationName = Release;
		};
		2F6E35541DF104160027FE0A /* Build configuration list for PBXNativeTarget "uiwvUITests" */ = {
			isa = XCConfigurationList;
			buildConfigurations = (
				2F6E35551DF104160027FE0A /* Debug */,
				2F6E35561DF104160027FE0A /* Release */,
			);
			defaultConfigurationIsVisible = 0;
			defaultConfigurationName = Release;
		};
/* End XCConfigurationList section */

/* Begin XCVersionGroup section */
		2F6E352D1DF104160027FE0A /* uiwv.xcdatamodeld */ = {
			isa = XCVersionGroup;
			children = (
				2F6E352E1DF104160027FE0A /* uiwv.xcdatamodel */,
			);
			currentVersion = 2F6E352E1DF104160027FE0A /* uiwv.xcdatamodel */;
			path = uiwv.xcdatamodeld;
			sourceTree = "<group>";
			versionGroupType = wrapper.xcdatamodel;
		};
/* End XCVersionGroup section */
	};
	rootObject = 2F6E35161DF104150027FE0A /* Project object */;
}
